
Microsoft Visual Studio Solution File, Format Version 12.00
# Visual Studio Version 16
VisualStudioVersion = 16.0.31129.286
MinimumVisualStudioVersion = 10.0.40219.1
Project("{FAE04EC0-301F-11D3-BF4B-00C04F79EFBC}") = "IntHouse2App.Android", "IntHouse2App\IntHouse2App.Android\IntHouse2App.Android.csproj", "{401C0D9C-6E26-4FE6-B08C-9D3F49610F7A}"
EndProject
Project("{FAE04EC0-301F-11D3-BF4B-00C04F79EFBC}") = "IntHouse2App", "IntHouse2App\IntHouse2App\IntHouse2App.csproj", "{EE4922C1-792F-48E7-B298-53AA3CB96046}"
EndProject
Global
	GlobalSection(SolutionConfigurationPlatforms) = preSolution
		Debug|Any CPU = Debug|Any CPU
		Release|Any CPU = Release|Any CPU
	EndGlobalSection
	GlobalSection(ProjectConfigurationPlatforms) = postSolution
		{401C0D9C-6E26-4FE6-B08C-9D3F49610F7A}.Debug|Any CPU.ActiveCfg = Debug|Any CPU
		{401C0D9C-6E26-4FE6-B08C-9D3F49610F7A}.Debug|Any CPU.Build.0 = Debug|Any CPU
		{401C0D9C-6E26-4FE6-B08C-9D3F49610F7A}.Debug|Any CPU.Deploy.0 = Debug|Any CPU
		{401C0D9C-6E26-4FE6-B08C-9D3F49610F7A}.Release|Any CPU.ActiveCfg = Release|Any CPU
		{401C0D9C-6E26-4FE6-B08C-9D3F49610F7A}.Release|Any CPU.Build.0 = Release|Any CPU
		{401C0D9C-6E26-4FE6-B08C-9D3F49610F7A}.Release|Any CPU.Deploy.0 = Release|Any CPU
		{EE4922C1-792F-48E7-B298-53AA3CB96046}.Debug|Any CPU.ActiveCfg = Debug|Any CPU
		{EE4922C1-792F-48E7-B298-53AA3CB96046}.Debug|Any CPU.Build.0 = Debug|Any CPU
		{EE4922C1-792F-48E7-B298-53AA3CB96046}.Debug|Any CPU.Deploy.0 = Debug|Any CPU
		{EE4922C1-792F-48E7-B298-53AA3CB96046}.Release|Any CPU.ActiveCfg = Release|Any CPU
		{EE4922C1-792F-48E7-B298-53AA3CB96046}.Release|Any CPU.Build.0 = Release|Any CPU
		{EE4922C1-792F-48E7-B298-53AA3CB96046}.Release|Any CPU.Deploy.0 = Release|Any CPU
	EndGlobalSection
	GlobalSection(SolutionProperties) = preSolution
		HideSolutionNode = FALSE
	EndGlobalSection
	GlobalSection(ExtensibilityGlobals) = postSolution
		SolutionGuid = {C63A21A5-EC71-4BEA-91CC-235E3A1A6D6A}
	EndGlobalSection
EndGlobal
